// !$*UTF8*$!
{
	archiveVersion = 1;
	classes = {
	};
	objectVersion = 50;
	objects = {

/* Begin PBXBuildFile section */
		C7E7AE2823F1F82E0021E93A /* AppDelegate.swift in Sources */ = {isa = PBXBuildFile; fileRef = C7E7AE2723F1F82E0021E93A /* AppDelegate.swift */; };
		C7E7AE2A23F1F82E0021E93A /* SceneDelegate.swift in Sources */ = {isa = PBXBuildFile; fileRef = C7E7AE2923F1F82E0021E93A /* SceneDelegate.swift */; };
		C7E7AE2C23F1F82E0021E93A /* ContentView.swift in Sources */ = {isa = PBXBuildFile; fileRef = C7E7AE2B23F1F82E0021E93A /* ContentView.swift */; };
		C7E7AE2E23F1F8310021E93A /* Assets.xcassets in Resources */ = {isa = PBXBuildFile; fileRef = C7E7AE2D23F1F8310021E93A /* Assets.xcassets */; };
		C7E7AE3123F1F8310021E93A /* Preview Assets.xcassets in Resources */ = {isa = PBXBuildFile; fileRef = C7E7AE3023F1F8310021E93A /* Preview Assets.xcassets */; };
		C7E7AE3423F1F8310021E93A /* LaunchScreen.storyboard in Resources */ = {isa = PBXBuildFile; fileRef = C7E7AE3223F1F8310021E93A /* LaunchScreen.storyboard */; };
		C7E7AE4323F20EBB0021E93A /* SharedCode.framework in Frameworks */ = {isa = PBXBuildFile; fileRef = C7E7AE4223F20EBB0021E93A /* SharedCode.framework */; };
		C7E7AE4423F20EBB0021E93A /* SharedCode.framework in Embed Frameworks */ = {isa = PBXBuildFile; fileRef = C7E7AE4223F20EBB0021E93A /* SharedCode.framework */; settings = {ATTRIBUTES = (CodeSignOnCopy, RemoveHeadersOnCopy, ); }; };
/* End PBXBuildFile section */

/* Begin PBXCopyFilesBuildPhase section */
		C7E7AE4523F20EBB0021E93A /* Embed Frameworks */ = {
			isa = PBXCopyFilesBuildPhase;
			buildActionMask = 2147483647;
			dstPath = "";
			dstSubfolderSpec = 10;
			files = (
				C7E7AE4423F20EBB0021E93A /* SharedCode.framework in Embed Frameworks */,
			);
			name = "Embed Frameworks";
			runOnlyForDeploymentPostprocessing = 0;
		};
/* End PBXCopyFilesBuildPhase section */

/* Begin PBXFileReference section */
		C7E7AE2423F1F82E0021E93A /* KotNatTest.app */ = {isa = PBXFileReference; explicitFileType = wrapper.application; includeInIndex = 0; path = KotNatTest.app; sourceTree = BUILT_PRODUCTS_DIR; };
		C7E7AE2723F1F82E0021E93A /* AppDelegate.swift */ = {isa = PBXFileReference; lastKnownFileType = sourcecode.swift; path = AppDelegate.swift; sourceTree = "<group>"; };
		C7E7AE2923F1F82E0021E93A /* SceneDelegate.swift */ = {isa = PBXFileReference; lastKnownFileType = sourcecode.swift; path = SceneDelegate.swift; sourceTree = "<group>"; };
		C7E7AE2B23F1F82E0021E93A /* ContentView.swift */ = {isa = PBXFileReference; lastKnownFileType = sourcecode.swift; path = ContentView.swift; sourceTree = "<group>"; };
		C7E7AE2D23F1F8310021E93A /* Assets.xcassets */ = {isa = PBXFileReference; lastKnownFileType = folder.assetcatalog; path = Assets.xcassets; sourceTree = "<group>"; };
		C7E7AE3023F1F8310021E93A /* Preview Assets.xcassets */ = {isa = PBXFileReference; lastKnownFileType = folder.assetcatalog; path = "Preview Assets.xcassets"; sourceTree = "<group>"; };
		C7E7AE3323F1F8310021E93A /* Base */ = {isa = PBXFileReference; lastKnownFileType = file.storyboard; name = Base; path = Base.lproj/LaunchScreen.storyboard; sourceTree = "<group>"; };
		C7E7AE3523F1F8310021E93A /* Info.plist */ = {isa = PBXFileReference; lastKnownFileType = text.plist.xml; path = Info.plist; sourceTree = "<group>"; };
		C7E7AE3C23F1FB690021E93A /* SharedCode.framework */ = {isa = PBXFileReference; lastKnownFileType = wrapper.framework; name = SharedCode.framework; path = "../../AndroidStudioProjects/AndroidFirebaseKey/SharedCode/build/xcode-frameworks/SharedCode.framework"; sourceTree = "<group>"; };
		C7E7AE4223F20EBB0021E93A /* SharedCode.framework */ = {isa = PBXFileReference; lastKnownFileType = wrapper.framework; name = SharedCode.framework; path = "../AndroidFirebaseKey/SharedCode/build/xcode-frameworks/SharedCode.framework"; sourceTree = "<group>"; };
/* End PBXFileReference section */

/* Begin PBXFrameworksBuildPhase section */
		C7E7AE2123F1F82E0021E93A /* Frameworks */ = {
			isa = PBXFrameworksBuildPhase;
			buildActionMask = 2147483647;
			files = (
				C7E7AE4323F20EBB0021E93A /* SharedCode.framework in Frameworks */,
			);
			runOnlyForDeploymentPostprocessing = 0;
		};
/* End PBXFrameworksBuildPhase section */

/* Begin PBXGroup section */
		C7E7AE1B23F1F82E0021E93A = {
			isa = PBXGroup;
			children = (
				C7E7AE2623F1F82E0021E93A /* KotNatTest */,
				C7E7AE2523F1F82E0021E93A /* Products */,
				C7E7AE3B23F1FB680021E93A /* Frameworks */,
			);
			sourceTree = "<group>";
		};
		C7E7AE2523F1F82E0021E93A /* Products */ = {
			isa = PBXGroup;
			children = (
				C7E7AE2423F1F82E0021E93A /* KotNatTest.app */,
			);
			name = Products;
			sourceTree = "<group>";
		};
		C7E7AE2623F1F82E0021E93A /* KotNatTest */ = {
			isa = PBXGroup;
			children = (
				C7E7AE2723F1F82E0021E93A /* AppDelegate.swift */,
				C7E7AE2923F1F82E0021E93A /* SceneDelegate.swift */,
				C7E7AE2B23F1F82E0021E93A /* ContentView.swift */,
				C7E7AE2D23F1F8310021E93A /* Assets.xcassets */,
				C7E7AE3223F1F8310021E93A /* LaunchScreen.storyboard */,
				C7E7AE3523F1F8310021E93A /* Info.plist */,
				C7E7AE2F23F1F8310021E93A /* Preview Content */,
			);
			path = KotNatTest;
			sourceTree = "<group>";
		};
		C7E7AE2F23F1F8310021E93A /* Preview Content */ = {
			isa = PBXGroup;
			children = (
				C7E7AE3023F1F8310021E93A /* Preview Assets.xcassets */,
			);
			path = "Preview Content";
			sourceTree = "<group>";
		};
		C7E7AE3B23F1FB680021E93A /* Frameworks */ = {
			isa = PBXGroup;
			children = (
				C7E7AE4223F20EBB0021E93A /* SharedCode.framework */,
				C7E7AE3C23F1FB690021E93A /* SharedCode.framework */,
			);
			name = Frameworks;
			sourceTree = "<group>";
		};
/* End PBXGroup section */

/* Begin PBXNativeTarget section */
		C7E7AE2323F1F82E0021E93A /* KotNatTest */ = {
			isa = PBXNativeTarget;
			buildConfigurationList = C7E7AE3823F1F8310021E93A /* Build configuration list for PBXNativeTarget "KotNatTest" */;
			buildPhases = (
				C7E7AE4023F1FD7A0021E93A /* ShellScript */,
				C7E7AE2023F1F82E0021E93A /* Sources */,
				C7E7AE2123F1F82E0021E93A /* Frameworks */,
				C7E7AE2223F1F82E0021E93A /* Resources */,
				C7E7AE4523F20EBB0021E93A /* Embed Frameworks */,
			);
			buildRules = (
			);
			dependencies = (
			);
			name = KotNatTest;
			productName = KotNatTest;
			productReference = C7E7AE2423F1F82E0021E93A /* KotNatTest.app */;
			productType = "com.apple.product-type.application";
		};
/* End PBXNativeTarget section */

/* Begin PBXProject section */
		C7E7AE1C23F1F82E0021E93A /* Project object */ = {
			isa = PBXProject;
			attributes = {
				LastSwiftUpdateCheck = 1110;
				LastUpgradeCheck = 1110;
				ORGANIZATIONNAME = "Felipe Guerrero";
				TargetAttributes = {
					C7E7AE2323F1F82E0021E93A = {
						CreatedOnToolsVersion = 11.1;
					};
				};
			};
			buildConfigurationList = C7E7AE1F23F1F82E0021E93A /* Build configuration list for PBXProject "KotNatTest" */;
			compatibilityVersion = "Xcode 9.3";
			developmentRegion = en;
			hasScannedForEncodings = 0;
			knownRegions = (
				en,
				Base,
			);
			mainGroup = C7E7AE1B23F1F82E0021E93A;
			productRefGroup = C7E7AE2523F1F82E0021E93A /* Products */;
			projectDirPath = "";
			projectRoot = "";
			targets = (
				C7E7AE2323F1F82E0021E93A /* KotNatTest */,
			);
		};
/* End PBXProject section */

/* Begin PBXResourcesBuildPhase section */
		C7E7AE2223F1F82E0021E93A /* Resources */ = {
			isa = PBXResourcesBuildPhase;
			buildActionMask = 2147483647;
			files = (
				C7E7AE3423F1F8310021E93A /* LaunchScreen.storyboard in Resources */,
				C7E7AE3123F1F8310021E93A /* Preview Assets.xcassets in Resources */,
				C7E7AE2E23F1F8310021E93A /* Assets.xcassets in Resources */,
			);
			runOnlyForDeploymentPostprocessing = 0;
		};
/* End PBXResourcesBuildPhase section */

/* Begin PBXShellScriptBuildPhase section */
		C7E7AE4023F1FD7A0021E93A /* ShellScript */ = {
			isa = PBXShellScriptBuildPhase;
			buildActionMask = 2147483647;
			files = (
			);
			inputFileListPaths = (
			);
			inputPaths = (
			);
			outputFileListPaths = (
			);
			outputPaths = (
			);
			runOnlyForDeploymentPostprocessing = 0;
			shellPath = /bin/sh;
			shellScript = "# Type a script or drag a script file from your workspace to insert its path.\ncd \"/Users/felipeerazo/Documents/kotlin-native/AndroidFirebaseKey/SharedCode/build/xcode-frameworks\"\n./gradlew :SharedCode:packForXCode -PXCODE_CONFIGURATION=${CONFIGURATION}\n";
		};
/* End PBXShellScriptBuildPhase section */

/* Begin PBXSourcesBuildPhase section */
		C7E7AE2023F1F82E0021E93A /* Sources */ = {
			isa = PBXSourcesBuildPhase;
			buildActionMask = 2147483647;
			files = (
				C7E7AE2823F1F82E0021E93A /* AppDelegate.swift in Sources */,
				C7E7AE2A23F1F82E0021E93A /* SceneDelegate.swift in Sources */,
				C7E7AE2C23F1F82E0021E93A /* ContentView.swift in Sources */,
			);
			runOnlyForDeploymentPostprocessing = 0;
		};
/* End PBXSourcesBuildPhase section */

/* Begin PBXVariantGroup section */
		C7E7AE3223F1F8310021E93A /* LaunchScreen.storyboard */ = {
			isa = PBXVariantGroup;
			children = (
				C7E7AE3323F1F8310021E93A /* Base */,
			);
			name = LaunchScreen.storyboard;
			sourceTree = "<group>";
		};
/* End PBXVariantGroup section */

/* Begin XCBuildConfiguration section */
		C7E7AE3623F1F8310021E93A /* Debug */ = {
			isa = XCBuildConfiguration;
			buildSettings = {
				ALWAYS_SEARCH_USER_PATHS = NO;
				CLANG_ANALYZER_NONNULL = YES;
				CLANG_ANALYZER_NUMBER_OBJECT_CONVERSION = YES_AGGRESSIVE;
				CLANG_CXX_LANGUAGE_STANDARD = "gnu++14";
				CLANG_CXX_LIBRARY = "libc++";
				CLANG_ENABLE_MODULES = YES;
				CLANG_ENABLE_OBJC_ARC = YES;
				CLANG_ENABLE_OBJC_WEAK = YES;
				CLANG_WARN_BLOCK_CAPTURE_AUTORELEASING = YES;
				CLANG_WARN_BOOL_CONVERSION = YES;
				CLANG_WARN_COMMA = YES;
				CLANG_WARN_CONSTANT_CONVERSION = YES;
				CLANG_WARN_DEPRECATED_OBJC_IMPLEMENTATIONS = YES;
				CLANG_WARN_DIRECT_OBJC_ISA_USAGE = YES_ERROR;
				CLANG_WARN_DOCUMENTATION_COMMENTS = YES;
				CLANG_WARN_EMPTY_BODY = YES;
				CLANG_WARN_ENUM_CONVERSION = YES;
				CLANG_WARN_INFINITE_RECURSION = YES;
				CLANG_WARN_INT_CONVERSION = YES;
				CLANG_WARN_NON_LITERAL_NULL_CONVERSION = YES;
				CLANG_WARN_OBJC_IMPLICIT_RETAIN_SELF = YES;
				CLANG_WARN_OBJC_LITERAL_CONVERSION = YES;
				CLANG_WARN_OBJC_ROOT_CLASS = YES_ERROR;
				CLANG_WARN_RANGE_LOOP_ANALYSIS = YES;
				CLANG_WARN_STRICT_PROTOTYPES = YES;
				CLANG_WARN_SUSPICIOUS_MOVE = YES;
				CLANG_WARN_UNGUARDED_AVAILABILITY = YES_AGGRESSIVE;
				CLANG_WARN_UNREACHABLE_CODE = YES;
				CLANG_WARN__DUPLICATE_METHOD_MATCH = YES;
				COPY_PHASE_STRIP = NO;
				DEBUG_INFORMATION_FORMAT = dwarf;
				ENABLE_STRICT_OBJC_MSGSEND = YES;
				ENABLE_TESTABILITY = YES;
				GCC_C_LANGUAGE_STANDARD = gnu11;
				GCC_DYNAMIC_NO_PIC = NO;
				GCC_NO_COMMON_BLOCKS = YES;
				GCC_OPTIMIZATION_LEVEL = 0;
				GCC_PREPROCESSOR_DEFINITIONS = (
					"DEBUG=1",
					"$(inherited)",
				);
				GCC_WARN_64_TO_32_BIT_CONVERSION = YES;
				GCC_WARN_ABOUT_RETURN_TYPE = YES_ERROR;
				GCC_WARN_UNDECLARED_SELECTOR = YES;
				GCC_WARN_UNINITIALIZED_AUTOS = YES_AGGRESSIVE;
				GCC_WARN_UNUSED_FUNCTION = YES;
				GCC_WARN_UNUSED_VARIABLE = YES;
				IPHONEOS_DEPLOYMENT_TARGET = 13.1;
				MTL_ENABLE_DEBUG_INFO = INCLUDE_SOURCE;
				MTL_FAST_MATH = YES;
				ONLY_ACTIVE_ARCH = YES;
				SDKROOT = iphoneos;
				SWIFT_ACTIVE_COMPILATION_CONDITIONS = DEBUG;
				SWIFT_OPTIMIZATION_LEVEL = "-Onone";
			};
			name = Debug;
		};
		C7E7AE3723F1F8310021E93A /* Release */ = {
			isa = XCBuildConfiguration;
			buildSettings = {
				ALWAYS_SEARCH_USER_PATHS = NO;
				CLANG_ANALYZER_NONNULL = YES;
				CLANG_ANALYZER_NUMBER_OBJECT_CONVERSION = YES_AGGRESSIVE;
				CLANG_CXX_LANGUAGE_STANDARD = "gnu++14";
				CLANG_CXX_LIBRARY = "libc++";
				CLANG_ENABLE_MODULES = YES;
				CLANG_ENABLE_OBJC_ARC = YES;
				CLANG_ENABLE_OBJC_WEAK = YES;
				CLANG_WARN_BLOCK_CAPTURE_AUTORELEASING = YES;
				CLANG_WARN_BOOL_CONVERSION = YES;
				CLANG_WARN_COMMA = YES;
				CLANG_WARN_CONSTANT_CONVERSION = YES;
				CLANG_WARN_DEPRECATED_OBJC_IMPLEMENTATIONS = YES;
				CLANG_WARN_DIRECT_OBJC_ISA_USAGE = YES_ERROR;
				CLANG_WARN_DOCUMENTATION_COMMENTS = YES;
				CLANG_WARN_EMPTY_BODY = YES;
				CLANG_WARN_ENUM_CONVERSION = YES;
				CLANG_WARN_INFINITE_RECURSION = YES;
				CLANG_WARN_INT_CONVERSION = YES;
				CLANG_WARN_NON_LITERAL_NULL_CONVERSION = YES;
				CLANG_WARN_OBJC_IMPLICIT_RETAIN_SELF = YES;
				CLANG_WARN_OBJC_LITERAL_CONVERSION = YES;
				CLANG_WARN_OBJC_ROOT_CLASS = YES_ERROR;
				CLANG_WARN_RANGE_LOOP_ANALYSIS = YES;
				CLANG_WARN_STRICT_PROTOTYPES = YES;
				CLANG_WARN_SUSPICIOUS_MOVE = YES;
				CLANG_WARN_UNGUARDED_AVAILABILITY = YES_AGGRESSIVE;
				CLANG_WARN_UNREACHABLE_CODE = YES;
				CLANG_WARN__DUPLICATE_METHOD_MATCH = YES;
				COPY_PHASE_STRIP = NO;
				DEBUG_INFORMATION_FORMAT = "dwarf-with-dsym";
				ENABLE_NS_ASSERTIONS = NO;
				ENABLE_STRICT_OBJC_MSGSEND = YES;
				GCC_C_LANGUAGE_STANDARD = gnu11;
				GCC_NO_COMMON_BLOCKS = YES;
				GCC_WARN_64_TO_32_BIT_CONVERSION = YES;
				GCC_WARN_ABOUT_RETURN_TYPE = YES_ERROR;
				GCC_WARN_UNDECLARED_SELECTOR = YES;
				GCC_WARN_UNINITIALIZED_AUTOS = YES_AGGRESSIVE;
				GCC_WARN_UNUSED_FUNCTION = YES;
				GCC_WARN_UNUSED_VARIABLE = YES;
				IPHONEOS_DEPLOYMENT_TARGET = 13.1;
				MTL_ENABLE_DEBUG_INFO = NO;
				MTL_FAST_MATH = YES;
				SDKROOT = iphoneos;
				SWIFT_COMPILATION_MODE = wholemodule;
				SWIFT_OPTIMIZATION_LEVEL = "-O";
				VALIDATE_PRODUCT = YES;
			};
			name = Release;
		};
		C7E7AE3923F1F8310021E93A /* Debug */ = {
			isa = XCBuildConfiguration;
			buildSettings = {
				ASSETCATALOG_COMPILER_APPICON_NAME = AppIcon;
				CODE_SIGN_STYLE = Automatic;
				DEVELOPMENT_ASSET_PATHS = "\"KotNatTest/Preview Content\"";
				ENABLE_PREVIEWS = YES;
				"FRAMEWORK_SEARCH_PATHS[arch=*]" = "/Users/felipeerazo/Documents/kotlin-native/AndroidFirebaseKey/SharedCode/build/xcode-frameworks";
				INFOPLIST_FILE = KotNatTest/Info.plist;
				LD_RUNPATH_SEARCH_PATHS = (
					"$(inherited)",
					"@executable_path/Frameworks",
				);
				PRODUCT_BUNDLE_IDENTIFIER = com.warrior.KotNatTest;
				PRODUCT_NAME = "$(TARGET_NAME)";
				SWIFT_VERSION = 5.0;
				TARGETED_DEVICE_FAMILY = "1,2";
			};
			name = Debug;
		};
		C7E7AE3A23F1F8310021E93A /* Release */ = {
			isa = XCBuildConfiguration;
			buildSettings = {
				ASSETCATALOG_COMPILER_APPICON_NAME = AppIcon;
				CODE_SIGN_STYLE = Automatic;
				DEVELOPMENT_ASSET_PATHS = "\"KotNatTest/Preview Content\"";
				ENABLE_PREVIEWS = YES;
				INFOPLIST_FILE = KotNatTest/Info.plist;
				LD_RUNPATH_SEARCH_PATHS = (
					"$(inherited)",
					"@executable_path/Frameworks",
				);
				PRODUCT_BUNDLE_IDENTIFIER = com.warrior.KotNatTest;
				PRODUCT_NAME = "$(TARGET_NAME)";
				SWIFT_VERSION = 5.0;
				TARGETED_DEVICE_FAMILY = "1,2";
			};
			name = Release;
		};
/* End XCBuildConfiguration section */

/* Begin XCConfigurationList section */
		C7E7AE1F23F1F82E0021E93A /* Build configuration list for PBXProject "KotNatTest" */ = {
			isa = XCConfigurationList;
			buildConfigurations = (
				C7E7AE3623F1F8310021E93A /* Debug */,
				C7E7AE3723F1F8310021E93A /* Release */,
			);
			defaultConfigurationIsVisible = 0;
			defaultConfigurationName = Release;
		};
		C7E7AE3823F1F8310021E93A /* Build configuration list for PBXNativeTarget "KotNatTest" */ = {
			isa = XCConfigurationList;
			buildConfigurations = (
				C7E7AE3923F1F8310021E93A /* Debug */,
				C7E7AE3A23F1F8310021E93A /* Release */,
			);
			defaultConfigurationIsVisible = 0;
			defaultConfigurationName = Release;
		};
/* End XCConfigurationList section */
	};
	rootObject = C7E7AE1C23F1F82E0021E93A /* Project object */;
}
